
Microsoft Visual Studio Solution File, Format Version 11.00
# Visual Studio 2010
Project("{8BC9CEB8-8B4A-11D0-8D11-00A0C91BC942}") = "EcdMirror", "EcdMirror\EcdMirror.vcxproj", "{FDD7E34F-41E9-48A6-9783-C5A3424699DC}"
EndProject
Project("{8BC9CEB8-8B4A-11D0-8D11-00A0C91BC942}") = "EcdZheZhao", "EcdZheZhao\EcdZheZhao.vcxproj", "{27D7612C-0FCF-4BC1-9667-EC9155D0D3A4}"
EndProject
Global
	GlobalSection(SolutionConfigurationPlatforms) = preSolution
		Debug|Win32 = Debug|Win32
		Debug|x64 = Debug|x64
		Release|Win32 = Release|Win32
		Release|x64 = Release|x64
	EndGlobalSection
	GlobalSection(ProjectConfigurationPlatforms) = postSolution
		{FDD7E34F-41E9-48A6-9783-C5A3424699DC}.Debug|Win32.ActiveCfg = Debug|Win32
		{FDD7E34F-41E9-48A6-9783-C5A3424699DC}.Debug|Win32.Build.0 = Debug|Win32
		{FDD7E34F-41E9-48A6-9783-C5A3424699DC}.Debug|x64.ActiveCfg = Debug|x64
		{FDD7E34F-41E9-48A6-9783-C5A3424699DC}.Debug|x64.Build.0 = Debug|x64
		{FDD7E34F-41E9-48A6-9783-C5A3424699DC}.Release|Win32.ActiveCfg = Release|Win32
		{FDD7E34F-41E9-48A6-9783-C5A3424699DC}.Release|Win32.Build.0 = Release|Win32
		{FDD7E34F-41E9-48A6-9783-C5A3424699DC}.Release|x64.ActiveCfg = Release|x64
		{FDD7E34F-41E9-48A6-9783-C5A3424699DC}.Release|x64.Build.0 = Release|x64
		{27D7612C-0FCF-4BC1-9667-EC9155D0D3A4}.Debug|Win32.ActiveCfg = Debug|Win32
		{27D7612C-0FCF-4BC1-9667-EC9155D0D3A4}.Debug|Win32.Build.0 = Debug|Win32
		{27D7612C-0FCF-4BC1-9667-EC9155D0D3A4}.Debug|x64.ActiveCfg = Debug|x64
		{27D7612C-0FCF-4BC1-9667-EC9155D0D3A4}.Debug|x64.Build.0 = Debug|x64
		{27D7612C-0FCF-4BC1-9667-EC9155D0D3A4}.Release|Win32.ActiveCfg = Release|Win32
		{27D7612C-0FCF-4BC1-9667-EC9155D0D3A4}.Release|Win32.Build.0 = Release|Win32
		{27D7612C-0FCF-4BC1-9667-EC9155D0D3A4}.Release|x64.ActiveCfg = Release|x64
		{27D7612C-0FCF-4BC1-9667-EC9155D0D3A4}.Release|x64.Build.0 = Release|x64
	EndGlobalSection
	GlobalSection(SolutionProperties) = preSolution
		HideSolutionNode = FALSE
	EndGlobalSection
EndGlobal
